
Microsoft Visual Studio Solution File, Format Version 12.00
# Visual Studio Version 16
VisualStudioVersion = 16.0.31005.135
MinimumVisualStudioVersion = 10.0.40219.1
Project("{FAE04EC0-301F-11D3-BF4B-00C04F79EFBC}") = "X_Android", "X_Android\X_Android.csproj", "{8B6940A4-0EE8-494B-9BE1-2FE1F5BEC251}"
EndProject
Global
	GlobalSection(SolutionConfigurationPlatforms) = preSolution
		Debug|Any CPU = Debug|Any CPU
		Release|Any CPU = Release|Any CPU
	EndGlobalSection
	GlobalSection(ProjectConfigurationPlatforms) = postSolution
		{8B6940A4-0EE8-494B-9BE1-2FE1F5BEC251}.Debug|Any CPU.ActiveCfg = Debug|Any CPU
		{8B6940A4-0EE8-494B-9BE1-2FE1F5BEC251}.Debug|Any CPU.Build.0 = Debug|Any CPU
		{8B6940A4-0EE8-494B-9BE1-2FE1F5BEC251}.Debug|Any CPU.Deploy.0 = Debug|Any CPU
		{8B6940A4-0EE8-494B-9BE1-2FE1F5BEC251}.Release|Any CPU.ActiveCfg = Release|Any CPU
		{8B6940A4-0EE8-494B-9BE1-2FE1F5BEC251}.Release|Any CPU.Build.0 = Release|Any CPU
		{8B6940A4-0EE8-494B-9BE1-2FE1F5BEC251}.Release|Any CPU.Deploy.0 = Release|Any CPU
	EndGlobalSection
	GlobalSection(SolutionProperties) = preSolution
		HideSolutionNode = FALSE
	EndGlobalSection
	GlobalSection(ExtensibilityGlobals) = postSolution
		SolutionGuid = {BF88E154-5BBE-4F28-9F3C-ED4CEFF246FE}
	EndGlobalSection
EndGlobal
